
Microsoft Visual Studio Solution File, Format Version 12.00
# Visual Studio Version 17
VisualStudioVersion = 17.9.34723.18
MinimumVisualStudioVersion = 10.0.40219.1
Project("{FAE04EC0-301F-11D3-BF4B-00C04F79EFBC}") = "cs10_structs", "cs10_structs\cs10_structs.csproj", "{328B587C-D500-4248-A18B-4DE81C059ACE}"
EndProject
Global
	GlobalSection(SolutionConfigurationPlatforms) = preSolution
		Debug|Any CPU = Debug|Any CPU
		Release|Any CPU = Release|Any CPU
	EndGlobalSection
	GlobalSection(ProjectConfigurationPlatforms) = postSolution
		{328B587C-D500-4248-A18B-4DE81C059ACE}.Debug|Any CPU.ActiveCfg = Debug|Any CPU
		{328B587C-D500-4248-A18B-4DE81C059ACE}.Debug|Any CPU.Build.0 = Debug|Any CPU
		{328B587C-D500-4248-A18B-4DE81C059ACE}.Release|Any CPU.ActiveCfg = Release|Any CPU
		{328B587C-D500-4248-A18B-4DE81C059ACE}.Release|Any CPU.Build.0 = Release|Any CPU
	EndGlobalSection
	GlobalSection(SolutionProperties) = preSolution
		HideSolutionNode = FALSE
	EndGlobalSection
	GlobalSection(ExtensibilityGlobals) = postSolution
		SolutionGuid = {6C11739F-9505-46E7-A4A6-FDD2E0C3B760}
	EndGlobalSection
EndGlobal
