
Microsoft Visual Studio Solution File, Format Version 12.00
# Visual Studio Version 17
VisualStudioVersion = 17.9.34723.18
MinimumVisualStudioVersion = 10.0.40219.1
Project("{FAE04EC0-301F-11D3-BF4B-00C04F79EFBC}") = "programmes_collections", "programmes_collections\programmes_collections.csproj", "{AB30A896-64C9-49E4-8537-87A143CE742D}"
EndProject
Global
	GlobalSection(SolutionConfigurationPlatforms) = preSolution
		Debug|Any CPU = Debug|Any CPU
		Release|Any CPU = Release|Any CPU
	EndGlobalSection
	GlobalSection(ProjectConfigurationPlatforms) = postSolution
		{AB30A896-64C9-49E4-8537-87A143CE742D}.Debug|Any CPU.ActiveCfg = Debug|Any CPU
		{AB30A896-64C9-49E4-8537-87A143CE742D}.Debug|Any CPU.Build.0 = Debug|Any CPU
		{AB30A896-64C9-49E4-8537-87A143CE742D}.Release|Any CPU.ActiveCfg = Release|Any CPU
		{AB30A896-64C9-49E4-8537-87A143CE742D}.Release|Any CPU.Build.0 = Release|Any CPU
	EndGlobalSection
	GlobalSection(SolutionProperties) = preSolution
		HideSolutionNode = FALSE
	EndGlobalSection
	GlobalSection(ExtensibilityGlobals) = postSolution
		SolutionGuid = {D0B41E5C-569F-40D5-A0E0-BDFEFA5648BF}
	EndGlobalSection
EndGlobal
