
Microsoft Visual Studio Solution File, Format Version 12.00
# Visual Studio Version 17
VisualStudioVersion = 17.9.34723.18
MinimumVisualStudioVersion = 10.0.40219.1
Project("{FAE04EC0-301F-11D3-BF4B-00C04F79EFBC}") = "jeu_du_pendu", "jeu_du_pendu\jeu_du_pendu.csproj", "{4E97AF2D-E70A-4D23-9FC3-75895CF49F33}"
EndProject
Global
	GlobalSection(SolutionConfigurationPlatforms) = preSolution
		Debug|Any CPU = Debug|Any CPU
		Release|Any CPU = Release|Any CPU
	EndGlobalSection
	GlobalSection(ProjectConfigurationPlatforms) = postSolution
		{4E97AF2D-E70A-4D23-9FC3-75895CF49F33}.Debug|Any CPU.ActiveCfg = Debug|Any CPU
		{4E97AF2D-E70A-4D23-9FC3-75895CF49F33}.Debug|Any CPU.Build.0 = Debug|Any CPU
		{4E97AF2D-E70A-4D23-9FC3-75895CF49F33}.Release|Any CPU.ActiveCfg = Release|Any CPU
		{4E97AF2D-E70A-4D23-9FC3-75895CF49F33}.Release|Any CPU.Build.0 = Release|Any CPU
	EndGlobalSection
	GlobalSection(SolutionProperties) = preSolution
		HideSolutionNode = FALSE
	EndGlobalSection
	GlobalSection(ExtensibilityGlobals) = postSolution
		SolutionGuid = {010A133D-08FD-4760-B726-FFFE2D07CDA1}
	EndGlobalSection
EndGlobal
